
Microsoft Visual Studio Solution File, Format Version 12.00
# Visual Studio Version 16
VisualStudioVersion = 16.0.31321.278
MinimumVisualStudioVersion = 10.0.40219.1
Project("{FAE04EC0-301F-11D3-BF4B-00C04F79EFBC}") = "Pensioner detail Microservices", "Pensioner detail Microservices\Pensioner detail Microservices.csproj", "{CA12C699-36E7-43AF-B199-9F3E05B73498}"
EndProject
Global
	GlobalSection(SolutionConfigurationPlatforms) = preSolution
		Debug|Any CPU = Debug|Any CPU
		Release|Any CPU = Release|Any CPU
	EndGlobalSection
	GlobalSection(ProjectConfigurationPlatforms) = postSolution
		{CA12C699-36E7-43AF-B199-9F3E05B73498}.Debug|Any CPU.ActiveCfg = Debug|Any CPU
		{CA12C699-36E7-43AF-B199-9F3E05B73498}.Debug|Any CPU.Build.0 = Debug|Any CPU
		{CA12C699-36E7-43AF-B199-9F3E05B73498}.Release|Any CPU.ActiveCfg = Release|Any CPU
		{CA12C699-36E7-43AF-B199-9F3E05B73498}.Release|Any CPU.Build.0 = Release|Any CPU
	EndGlobalSection
	GlobalSection(SolutionProperties) = preSolution
		HideSolutionNode = FALSE
	EndGlobalSection
	GlobalSection(ExtensibilityGlobals) = postSolution
		SolutionGuid = {9F7FA586-60E1-4AEA-8005-1A7235DD0BB1}
	EndGlobalSection
EndGlobal
